Microsoft Visual Studio Solution File, Format Version 12.00
# Visual Studio Version 17
VisualStudioVersion = 17.5.2.0
MinimumVisualStudioVersion = 10.0.40219.1
Project("{FAE04EC0-301F-11D3-BF4B-00C04F79EFBC}") = "Example", "Example.csproj", "{BACE4B62-B1A3-C3DC-6B64-403353019CF3}"
EndProject
Global
	GlobalSection(SolutionConfigurationPlatforms) = preSolution
		Debug|Any CPU = Debug|Any CPU
		Release|Any CPU = Release|Any CPU
	EndGlobalSection
	GlobalSection(ProjectConfigurationPlatforms) = postSolution
		{BACE4B62-B1A3-C3DC-6B64-403353019CF3}.Debug|Any CPU.ActiveCfg = Debug|Any CPU
		{BACE4B62-B1A3-C3DC-6B64-403353019CF3}.Debug|Any CPU.Build.0 = Debug|Any CPU
		{BACE4B62-B1A3-C3DC-6B64-403353019CF3}.Release|Any CPU.ActiveCfg = Release|Any CPU
		{BACE4B62-B1A3-C3DC-6B64-403353019CF3}.Release|Any CPU.Build.0 = Release|Any CPU
	EndGlobalSection
	GlobalSection(SolutionProperties) = preSolution
		HideSolutionNode = FALSE
	EndGlobalSection
	GlobalSection(ExtensibilityGlobals) = postSolution
		SolutionGuid = {684E12F2-9E4A-4954-B57E-6F35C5661572}
	EndGlobalSection
EndGlobal